
Microsoft Visual Studio Solution File, Format Version 12.00
# Visual Studio Version 17
VisualStudioVersion = 17.0.31903.59
MinimumVisualStudioVersion = 10.0.40219.1
Project("{2150E333-8FDC-42A3-9474-1A3956D46DE8}") = "Services", "Services", "{F6D937AB-0EEB-4FF3-9229-BC7784EB6296}"
EndProject
Project("{2150E333-8FDC-42A3-9474-1A3956D46DE8}") = "UserMs", "UserMs", "{2E6DB235-4A6B-41E6-B6ED-6D06F6B4839E}"
EndProject
Project("{FAE04EC0-301F-11D3-BF4B-00C04F79EFBC}") = "UserMs.Domain", "Services\UserMs\UserMs.Domain\UserMs.Domain.csproj", "{3FCD39C2-9024-48BD-9153-22771E286C9F}"
EndProject
Project("{FAE04EC0-301F-11D3-BF4B-00C04F79EFBC}") = "UserMs.Application", "Services\UserMs\UserMs.Application\UserMs.Application.csproj", "{91E05877-1B95-436D-AAD4-EA45F685ABE5}"
EndProject
Project("{FAE04EC0-301F-11D3-BF4B-00C04F79EFBC}") = "UserMs.Infrastructure", "Services\UserMs\UserMs.Infrastructure\UserMs.Infrastructure.csproj", "{1ABD89D0-A21E-49DD-97B9-9A54CE3C2083}"
EndProject
Project("{FAE04EC0-301F-11D3-BF4B-00C04F79EFBC}") = "UserMs.Core", "Services\UserMs\UserMs.Core\UserMs.Core.csproj", "{E780B6E2-5183-43E1-8D9A-66A515C2BCBE}"
EndProject
Project("{FAE04EC0-301F-11D3-BF4B-00C04F79EFBC}") = "UserMs.Common", "Services\UserMs\UserMs.Common\UserMs.Common.csproj", "{14960A2E-7467-4E2C-91CE-27D0E5ECB140}"
EndProject
Project("{FAE04EC0-301F-11D3-BF4B-00C04F79EFBC}") = "UserMs.Test", "Services\UserMs\UserMs.Test\UserMs.Test.csproj", "{693953CD-2858-4400-A996-7CD69D334184}"
EndProject
Project("{FAE04EC0-301F-11D3-BF4B-00C04F79EFBC}") = "UserMs", "Services\UserMs\UserMs\UserMs.csproj", "{ECE4B08B-3541-460F-B332-901600297FC3}"
EndProject
Project("{2150E333-8FDC-42A3-9474-1A3956D46DE8}") = "ProviderMs", "ProviderMs", "{84CE3316-B867-45E2-BE94-7F9891CB63C8}"
EndProject
Project("{FAE04EC0-301F-11D3-BF4B-00C04F79EFBC}") = "ProviderMs.Domain", "Services\ProviderMs\ProviderMs.Domain\ProviderMs.Domain.csproj", "{2A2F0065-CD25-4C5E-9121-D17DEAAA3DD7}"
EndProject
Project("{FAE04EC0-301F-11D3-BF4B-00C04F79EFBC}") = "ProviderMs.Application", "Services\ProviderMs\ProviderMs.Application\ProviderMs.Application.csproj", "{FA3E65CE-A9B2-4D5E-A15C-CA30F5555BD2}"
EndProject
Project("{FAE04EC0-301F-11D3-BF4B-00C04F79EFBC}") = "ProviderMs.Infrastructure", "Services\ProviderMs\ProviderMs.Infrastructure\ProviderMs.Infrastructure.csproj", "{7E965DDF-6FA9-4055-8B22-AF4E43292045}"
EndProject
Project("{FAE04EC0-301F-11D3-BF4B-00C04F79EFBC}") = "ProviderMs.Core", "Services\ProviderMs\ProviderMs.Core\ProviderMs.Core.csproj", "{3ABE0950-C550-4737-A7B8-37846DB523E1}"
EndProject
Project("{FAE04EC0-301F-11D3-BF4B-00C04F79EFBC}") = "ProviderMs.Common", "Services\ProviderMs\ProviderMs.Common\ProviderMs.Common.csproj", "{E50FB982-5D5E-4F5B-BAF0-3692EFB7CED0}"
EndProject
Project("{FAE04EC0-301F-11D3-BF4B-00C04F79EFBC}") = "ProviderMs.Test", "Services\ProviderMs\ProviderMs.Test\ProviderMs.Test.csproj", "{C121741C-D534-48EB-8742-F11B3D2CD2A2}"
EndProject
Project("{FAE04EC0-301F-11D3-BF4B-00C04F79EFBC}") = "ProviderMs", "Services\ProviderMs\ProviderMs\ProviderMs.csproj", "{018A2BB8-8770-499F-912A-6FE68BB9C6D1}"
EndProject
Project("{2150E333-8FDC-42A3-9474-1A3956D46DE8}") = "OrderMs", "OrderMs", "{B27935C1-237C-4895-879D-76CCC955E9B3}"
EndProject
Project("{FAE04EC0-301F-11D3-BF4B-00C04F79EFBC}") = "OrderMs.Domain", "Services\OrderMs\OrderMs.Domain\OrderMs.Domain.csproj", "{CF7B2A9A-CB6F-4DD7-9BDA-869B180B27D3}"
EndProject
Project("{FAE04EC0-301F-11D3-BF4B-00C04F79EFBC}") = "OrderMs.Application", "Services\OrderMs\OrderMs.Application\OrderMs.Application.csproj", "{34EBE6A9-D9B6-45C3-828E-A2A51D8E2467}"
EndProject
Project("{FAE04EC0-301F-11D3-BF4B-00C04F79EFBC}") = "OrderMs.Infrastructure", "Services\OrderMs\OrderMs.Infrastructure\OrderMs.Infrastructure.csproj", "{A770D7DF-6AB1-4001-BF03-9EFC4FD7C72F}"
EndProject
Project("{FAE04EC0-301F-11D3-BF4B-00C04F79EFBC}") = "OrderMs.Core", "Services\OrderMs\OrderMs.Core\OrderMs.Core.csproj", "{B6484FCD-7A86-46CF-90F4-0C3D0A5066C5}"
EndProject
Project("{FAE04EC0-301F-11D3-BF4B-00C04F79EFBC}") = "OrderMs.Common", "Services\OrderMs\OrderMs.Common\OrderMs.Common.csproj", "{246772E3-D712-4263-A23E-1D66A20986CA}"
EndProject
Project("{FAE04EC0-301F-11D3-BF4B-00C04F79EFBC}") = "OrderMs.Test", "Services\OrderMs\OrderMs.Test\OrderMs.Test.csproj", "{A37AEF00-49AB-46C0-8CCF-C4F1CAF9062D}"
EndProject
Project("{FAE04EC0-301F-11D3-BF4B-00C04F79EFBC}") = "OrderMs", "Services\OrderMs\OrderMs\OrderMs.csproj", "{C69408A7-C56F-4796-8CF9-E897D09DBBFE}"
EndProject
Project("{2150E333-8FDC-42A3-9474-1A3956D46DE8}") = "JobMs", "JobMs", "{39064B45-CF7D-4EF8-B2CF-E3308CD372E7}"
EndProject
Project("{FAE04EC0-301F-11D3-BF4B-00C04F79EFBC}") = "JobMs.Domain", "Services\JobMs\JobMs.Domain\JobMs.Domain.csproj", "{9D5C967B-E76C-4703-805A-FEEF5250C506}"
EndProject
Project("{FAE04EC0-301F-11D3-BF4B-00C04F79EFBC}") = "JobMs.Application", "Services\JobMs\JobMs.Application\JobMs.Application.csproj", "{94A13036-0EC1-44FD-A3E9-EF09FE711F2B}"
EndProject
Project("{FAE04EC0-301F-11D3-BF4B-00C04F79EFBC}") = "JobMs.Infrastructure", "Services\JobMs\JobMs.Infrastructure\JobMs.Infrastructure.csproj", "{4686194B-C607-4CD7-A7D5-463672CD699A}"
EndProject
Project("{FAE04EC0-301F-11D3-BF4B-00C04F79EFBC}") = "JobMs.Core", "Services\JobMs\JobMs.Core\JobMs.Core.csproj", "{80EE0311-A614-4D36-A6E8-3815228A6035}"
EndProject
Project("{FAE04EC0-301F-11D3-BF4B-00C04F79EFBC}") = "JobMs.Common", "Services\JobMs\JobMs.Common\JobMs.Common.csproj", "{E68A497B-8F7B-43F2-AF52-4BD6E19D58DE}"
EndProject
Project("{FAE04EC0-301F-11D3-BF4B-00C04F79EFBC}") = "JobMs.Test", "Services\JobMs\JobMs.Test\JobMs.Test.csproj", "{7D44A70A-E5A5-46A0-85A9-95E1B2F0FB3D}"
EndProject
Project("{FAE04EC0-301F-11D3-BF4B-00C04F79EFBC}") = "JobMs", "Services\JobMs\JobMs\JobMs.csproj", "{D638D63D-ECCB-4A9A-8194-F786ED583DF8}"
EndProject
Project("{2150E333-8FDC-42A3-9474-1A3956D46DE8}") = "AuthenticationMs", "AuthenticationMs", "{ECC27770-5F9B-4507-9EF7-76C455C88BD4}"
	ProjectSection(SolutionItems) = preProject
		Services\AuthenticationMs\AuthenticationMs.Common\AuthenticationMs.Common.csproj = Services\AuthenticationMs\AuthenticationMs.Common\AuthenticationMs.Common.csproj
	EndProjectSection
EndProject
Project("{FAE04EC0-301F-11D3-BF4B-00C04F79EFBC}") = "AuthenticationMs", "Services\AuthenticationMs\AuthenticationMs\AuthenticationMs.csproj", "{99AB8B12-6C12-404F-BF40-17A10011C92A}"
EndProject
Project("{FAE04EC0-301F-11D3-BF4B-00C04F79EFBC}") = "AuthenticationMs.Common", "Services\AuthenticationMs\AuthenticationMs.Common\AuthenticationMs.Common.csproj", "{E103B9FE-A716-4C48-9747-361C4FE5BD48}"
EndProject
Project("{FAE04EC0-301F-11D3-BF4B-00C04F79EFBC}") = "AuthenticationMs.Core", "Services\AuthenticationMs\AuthenticationMs.Core\AuthenticationMs.Core.csproj", "{B227B221-9A0B-417F-BA18-9447BA23EF30}"
EndProject
Project("{FAE04EC0-301F-11D3-BF4B-00C04F79EFBC}") = "AuthenticationMs.Infrastructure", "Services\AuthenticationMs\AuthenticationMs.Infrastructure\AuthenticationMs.Infrastructure.csproj", "{0CBA1433-1D1A-44DB-8A8D-A99C8ECC44E7}"
EndProject
Global
	GlobalSection(SolutionConfigurationPlatforms) = preSolution
		Debug|Any CPU = Debug|Any CPU
		Release|Any CPU = Release|Any CPU
	EndGlobalSection
	GlobalSection(ProjectConfigurationPlatforms) = postSolution
		{3FCD39C2-9024-48BD-9153-22771E286C9F}.Debug|Any CPU.ActiveCfg = Debug|Any CPU
		{3FCD39C2-9024-48BD-9153-22771E286C9F}.Debug|Any CPU.Build.0 = Debug|Any CPU
		{3FCD39C2-9024-48BD-9153-22771E286C9F}.Release|Any CPU.ActiveCfg = Release|Any CPU
		{3FCD39C2-9024-48BD-9153-22771E286C9F}.Release|Any CPU.Build.0 = Release|Any CPU
		{91E05877-1B95-436D-AAD4-EA45F685ABE5}.Debug|Any CPU.ActiveCfg = Debug|Any CPU
		{91E05877-1B95-436D-AAD4-EA45F685ABE5}.Debug|Any CPU.Build.0 = Debug|Any CPU
		{91E05877-1B95-436D-AAD4-EA45F685ABE5}.Release|Any CPU.ActiveCfg = Release|Any CPU
		{91E05877-1B95-436D-AAD4-EA45F685ABE5}.Release|Any CPU.Build.0 = Release|Any CPU
		{1ABD89D0-A21E-49DD-97B9-9A54CE3C2083}.Debug|Any CPU.ActiveCfg = Debug|Any CPU
		{1ABD89D0-A21E-49DD-97B9-9A54CE3C2083}.Debug|Any CPU.Build.0 = Debug|Any CPU
		{1ABD89D0-A21E-49DD-97B9-9A54CE3C2083}.Release|Any CPU.ActiveCfg = Release|Any CPU
		{1ABD89D0-A21E-49DD-97B9-9A54CE3C2083}.Release|Any CPU.Build.0 = Release|Any CPU
		{E780B6E2-5183-43E1-8D9A-66A515C2BCBE}.Debug|Any CPU.ActiveCfg = Debug|Any CPU
		{E780B6E2-5183-43E1-8D9A-66A515C2BCBE}.Debug|Any CPU.Build.0 = Debug|Any CPU
		{E780B6E2-5183-43E1-8D9A-66A515C2BCBE}.Release|Any CPU.ActiveCfg = Release|Any CPU
		{E780B6E2-5183-43E1-8D9A-66A515C2BCBE}.Release|Any CPU.Build.0 = Release|Any CPU
		{14960A2E-7467-4E2C-91CE-27D0E5ECB140}.Debug|Any CPU.ActiveCfg = Debug|Any CPU
		{14960A2E-7467-4E2C-91CE-27D0E5ECB140}.Debug|Any CPU.Build.0 = Debug|Any CPU
		{14960A2E-7467-4E2C-91CE-27D0E5ECB140}.Release|Any CPU.ActiveCfg = Release|Any CPU
		{14960A2E-7467-4E2C-91CE-27D0E5ECB140}.Release|Any CPU.Build.0 = Release|Any CPU
		{693953CD-2858-4400-A996-7CD69D334184}.Debug|Any CPU.ActiveCfg = Debug|Any CPU
		{693953CD-2858-4400-A996-7CD69D334184}.Debug|Any CPU.Build.0 = Debug|Any CPU
		{693953CD-2858-4400-A996-7CD69D334184}.Release|Any CPU.ActiveCfg = Release|Any CPU
		{693953CD-2858-4400-A996-7CD69D334184}.Release|Any CPU.Build.0 = Release|Any CPU
		{ECE4B08B-3541-460F-B332-901600297FC3}.Debug|Any CPU.ActiveCfg = Debug|Any CPU
		{ECE4B08B-3541-460F-B332-901600297FC3}.Debug|Any CPU.Build.0 = Debug|Any CPU
		{ECE4B08B-3541-460F-B332-901600297FC3}.Release|Any CPU.ActiveCfg = Release|Any CPU
		{ECE4B08B-3541-460F-B332-901600297FC3}.Release|Any CPU.Build.0 = Release|Any CPU
		{2A2F0065-CD25-4C5E-9121-D17DEAAA3DD7}.Debug|Any CPU.ActiveCfg = Debug|Any CPU
		{2A2F0065-CD25-4C5E-9121-D17DEAAA3DD7}.Debug|Any CPU.Build.0 = Debug|Any CPU
		{2A2F0065-CD25-4C5E-9121-D17DEAAA3DD7}.Release|Any CPU.ActiveCfg = Release|Any CPU
		{2A2F0065-CD25-4C5E-9121-D17DEAAA3DD7}.Release|Any CPU.Build.0 = Release|Any CPU
		{FA3E65CE-A9B2-4D5E-A15C-CA30F5555BD2}.Debug|Any CPU.ActiveCfg = Debug|Any CPU
		{FA3E65CE-A9B2-4D5E-A15C-CA30F5555BD2}.Debug|Any CPU.Build.0 = Debug|Any CPU
		{FA3E65CE-A9B2-4D5E-A15C-CA30F5555BD2}.Release|Any CPU.ActiveCfg = Release|Any CPU
		{FA3E65CE-A9B2-4D5E-A15C-CA30F5555BD2}.Release|Any CPU.Build.0 = Release|Any CPU
		{7E965DDF-6FA9-4055-8B22-AF4E43292045}.Debug|Any CPU.ActiveCfg = Debug|Any CPU
		{7E965DDF-6FA9-4055-8B22-AF4E43292045}.Debug|Any CPU.Build.0 = Debug|Any CPU
		{7E965DDF-6FA9-4055-8B22-AF4E43292045}.Release|Any CPU.ActiveCfg = Release|Any CPU
		{7E965DDF-6FA9-4055-8B22-AF4E43292045}.Release|Any CPU.Build.0 = Release|Any CPU
		{3ABE0950-C550-4737-A7B8-37846DB523E1}.Debug|Any CPU.ActiveCfg = Debug|Any CPU
		{3ABE0950-C550-4737-A7B8-37846DB523E1}.Debug|Any CPU.Build.0 = Debug|Any CPU
		{3ABE0950-C550-4737-A7B8-37846DB523E1}.Release|Any CPU.ActiveCfg = Release|Any CPU
		{3ABE0950-C550-4737-A7B8-37846DB523E1}.Release|Any CPU.Build.0 = Release|Any CPU
		{E50FB982-5D5E-4F5B-BAF0-3692EFB7CED0}.Debug|Any CPU.ActiveCfg = Debug|Any CPU
		{E50FB982-5D5E-4F5B-BAF0-3692EFB7CED0}.Debug|Any CPU.Build.0 = Debug|Any CPU
		{E50FB982-5D5E-4F5B-BAF0-3692EFB7CED0}.Release|Any CPU.ActiveCfg = Release|Any CPU
		{E50FB982-5D5E-4F5B-BAF0-3692EFB7CED0}.Release|Any CPU.Build.0 = Release|Any CPU
		{C121741C-D534-48EB-8742-F11B3D2CD2A2}.Debug|Any CPU.ActiveCfg = Debug|Any CPU
		{C121741C-D534-48EB-8742-F11B3D2CD2A2}.Debug|Any CPU.Build.0 = Debug|Any CPU
		{C121741C-D534-48EB-8742-F11B3D2CD2A2}.Release|Any CPU.ActiveCfg = Release|Any CPU
		{C121741C-D534-48EB-8742-F11B3D2CD2A2}.Release|Any CPU.Build.0 = Release|Any CPU
		{018A2BB8-8770-499F-912A-6FE68BB9C6D1}.Debug|Any CPU.ActiveCfg = Debug|Any CPU
		{018A2BB8-8770-499F-912A-6FE68BB9C6D1}.Debug|Any CPU.Build.0 = Debug|Any CPU
		{018A2BB8-8770-499F-912A-6FE68BB9C6D1}.Release|Any CPU.ActiveCfg = Release|Any CPU
		{018A2BB8-8770-499F-912A-6FE68BB9C6D1}.Release|Any CPU.Build.0 = Release|Any CPU
		{CF7B2A9A-CB6F-4DD7-9BDA-869B180B27D3}.Debug|Any CPU.ActiveCfg = Debug|Any CPU
		{CF7B2A9A-CB6F-4DD7-9BDA-869B180B27D3}.Debug|Any CPU.Build.0 = Debug|Any CPU
		{CF7B2A9A-CB6F-4DD7-9BDA-869B180B27D3}.Release|Any CPU.ActiveCfg = Release|Any CPU
		{CF7B2A9A-CB6F-4DD7-9BDA-869B180B27D3}.Release|Any CPU.Build.0 = Release|Any CPU
		{34EBE6A9-D9B6-45C3-828E-A2A51D8E2467}.Debug|Any CPU.ActiveCfg = Debug|Any CPU
		{34EBE6A9-D9B6-45C3-828E-A2A51D8E2467}.Debug|Any CPU.Build.0 = Debug|Any CPU
		{34EBE6A9-D9B6-45C3-828E-A2A51D8E2467}.Release|Any CPU.ActiveCfg = Release|Any CPU
		{34EBE6A9-D9B6-45C3-828E-A2A51D8E2467}.Release|Any CPU.Build.0 = Release|Any CPU
		{A770D7DF-6AB1-4001-BF03-9EFC4FD7C72F}.Debug|Any CPU.ActiveCfg = Debug|Any CPU
		{A770D7DF-6AB1-4001-BF03-9EFC4FD7C72F}.Debug|Any CPU.Build.0 = Debug|Any CPU
		{A770D7DF-6AB1-4001-BF03-9EFC4FD7C72F}.Release|Any CPU.ActiveCfg = Release|Any CPU
		{A770D7DF-6AB1-4001-BF03-9EFC4FD7C72F}.Release|Any CPU.Build.0 = Release|Any CPU
		{B6484FCD-7A86-46CF-90F4-0C3D0A5066C5}.Debug|Any CPU.ActiveCfg = Debug|Any CPU
		{B6484FCD-7A86-46CF-90F4-0C3D0A5066C5}.Debug|Any CPU.Build.0 = Debug|Any CPU
		{B6484FCD-7A86-46CF-90F4-0C3D0A5066C5}.Release|Any CPU.ActiveCfg = Release|Any CPU
		{B6484FCD-7A86-46CF-90F4-0C3D0A5066C5}.Release|Any CPU.Build.0 = Release|Any CPU
		{246772E3-D712-4263-A23E-1D66A20986CA}.Debug|Any CPU.ActiveCfg = Debug|Any CPU
		{246772E3-D712-4263-A23E-1D66A20986CA}.Debug|Any CPU.Build.0 = Debug|Any CPU
		{246772E3-D712-4263-A23E-1D66A20986CA}.Release|Any CPU.ActiveCfg = Release|Any CPU
		{246772E3-D712-4263-A23E-1D66A20986CA}.Release|Any CPU.Build.0 = Release|Any CPU
		{A37AEF00-49AB-46C0-8CCF-C4F1CAF9062D}.Debug|Any CPU.ActiveCfg = Debug|Any CPU
		{A37AEF00-49AB-46C0-8CCF-C4F1CAF9062D}.Debug|Any CPU.Build.0 = Debug|Any CPU
		{A37AEF00-49AB-46C0-8CCF-C4F1CAF9062D}.Release|Any CPU.ActiveCfg = Release|Any CPU
		{A37AEF00-49AB-46C0-8CCF-C4F1CAF9062D}.Release|Any CPU.Build.0 = Release|Any CPU
		{C69408A7-C56F-4796-8CF9-E897D09DBBFE}.Debug|Any CPU.ActiveCfg = Debug|Any CPU
		{C69408A7-C56F-4796-8CF9-E897D09DBBFE}.Debug|Any CPU.Build.0 = Debug|Any CPU
		{C69408A7-C56F-4796-8CF9-E897D09DBBFE}.Release|Any CPU.ActiveCfg = Release|Any CPU
		{C69408A7-C56F-4796-8CF9-E897D09DBBFE}.Release|Any CPU.Build.0 = Release|Any CPU
		{9D5C967B-E76C-4703-805A-FEEF5250C506}.Debug|Any CPU.ActiveCfg = Debug|Any CPU
		{9D5C967B-E76C-4703-805A-FEEF5250C506}.Debug|Any CPU.Build.0 = Debug|Any CPU
		{9D5C967B-E76C-4703-805A-FEEF5250C506}.Release|Any CPU.ActiveCfg = Release|Any CPU
		{9D5C967B-E76C-4703-805A-FEEF5250C506}.Release|Any CPU.Build.0 = Release|Any CPU
		{94A13036-0EC1-44FD-A3E9-EF09FE711F2B}.Debug|Any CPU.ActiveCfg = Debug|Any CPU
		{94A13036-0EC1-44FD-A3E9-EF09FE711F2B}.Debug|Any CPU.Build.0 = Debug|Any CPU
		{94A13036-0EC1-44FD-A3E9-EF09FE711F2B}.Release|Any CPU.ActiveCfg = Release|Any CPU
		{94A13036-0EC1-44FD-A3E9-EF09FE711F2B}.Release|Any CPU.Build.0 = Release|Any CPU
		{4686194B-C607-4CD7-A7D5-463672CD699A}.Debug|Any CPU.ActiveCfg = Debug|Any CPU
		{4686194B-C607-4CD7-A7D5-463672CD699A}.Debug|Any CPU.Build.0 = Debug|Any CPU
		{4686194B-C607-4CD7-A7D5-463672CD699A}.Release|Any CPU.ActiveCfg = Release|Any CPU
		{4686194B-C607-4CD7-A7D5-463672CD699A}.Release|Any CPU.Build.0 = Release|Any CPU
		{80EE0311-A614-4D36-A6E8-3815228A6035}.Debug|Any CPU.ActiveCfg = Debug|Any CPU
		{80EE0311-A614-4D36-A6E8-3815228A6035}.Debug|Any CPU.Build.0 = Debug|Any CPU
		{80EE0311-A614-4D36-A6E8-3815228A6035}.Release|Any CPU.ActiveCfg = Release|Any CPU
		{80EE0311-A614-4D36-A6E8-3815228A6035}.Release|Any CPU.Build.0 = Release|Any CPU
		{E68A497B-8F7B-43F2-AF52-4BD6E19D58DE}.Debug|Any CPU.ActiveCfg = Debug|Any CPU
		{E68A497B-8F7B-43F2-AF52-4BD6E19D58DE}.Debug|Any CPU.Build.0 = Debug|Any CPU
		{E68A497B-8F7B-43F2-AF52-4BD6E19D58DE}.Release|Any CPU.ActiveCfg = Release|Any CPU
		{E68A497B-8F7B-43F2-AF52-4BD6E19D58DE}.Release|Any CPU.Build.0 = Release|Any CPU
		{7D44A70A-E5A5-46A0-85A9-95E1B2F0FB3D}.Debug|Any CPU.ActiveCfg = Debug|Any CPU
		{7D44A70A-E5A5-46A0-85A9-95E1B2F0FB3D}.Debug|Any CPU.Build.0 = Debug|Any CPU
		{7D44A70A-E5A5-46A0-85A9-95E1B2F0FB3D}.Release|Any CPU.ActiveCfg = Release|Any CPU
		{7D44A70A-E5A5-46A0-85A9-95E1B2F0FB3D}.Release|Any CPU.Build.0 = Release|Any CPU
		{D638D63D-ECCB-4A9A-8194-F786ED583DF8}.Debug|Any CPU.ActiveCfg = Debug|Any CPU
		{D638D63D-ECCB-4A9A-8194-F786ED583DF8}.Debug|Any CPU.Build.0 = Debug|Any CPU
		{D638D63D-ECCB-4A9A-8194-F786ED583DF8}.Release|Any CPU.ActiveCfg = Release|Any CPU
		{D638D63D-ECCB-4A9A-8194-F786ED583DF8}.Release|Any CPU.Build.0 = Release|Any CPU
		{99AB8B12-6C12-404F-BF40-17A10011C92A}.Debug|Any CPU.ActiveCfg = Debug|Any CPU
		{99AB8B12-6C12-404F-BF40-17A10011C92A}.Debug|Any CPU.Build.0 = Debug|Any CPU
		{99AB8B12-6C12-404F-BF40-17A10011C92A}.Release|Any CPU.ActiveCfg = Release|Any CPU
		{99AB8B12-6C12-404F-BF40-17A10011C92A}.Release|Any CPU.Build.0 = Release|Any CPU
		{E103B9FE-A716-4C48-9747-361C4FE5BD48}.Debug|Any CPU.ActiveCfg = Debug|Any CPU
		{E103B9FE-A716-4C48-9747-361C4FE5BD48}.Debug|Any CPU.Build.0 = Debug|Any CPU
		{E103B9FE-A716-4C48-9747-361C4FE5BD48}.Release|Any CPU.ActiveCfg = Release|Any CPU
		{E103B9FE-A716-4C48-9747-361C4FE5BD48}.Release|Any CPU.Build.0 = Release|Any CPU
		{B227B221-9A0B-417F-BA18-9447BA23EF30}.Debug|Any CPU.ActiveCfg = Debug|Any CPU
		{B227B221-9A0B-417F-BA18-9447BA23EF30}.Debug|Any CPU.Build.0 = Debug|Any CPU
		{B227B221-9A0B-417F-BA18-9447BA23EF30}.Release|Any CPU.ActiveCfg = Release|Any CPU
		{B227B221-9A0B-417F-BA18-9447BA23EF30}.Release|Any CPU.Build.0 = Release|Any CPU
		{0CBA1433-1D1A-44DB-8A8D-A99C8ECC44E7}.Debug|Any CPU.ActiveCfg = Debug|Any CPU
		{0CBA1433-1D1A-44DB-8A8D-A99C8ECC44E7}.Debug|Any CPU.Build.0 = Debug|Any CPU
		{0CBA1433-1D1A-44DB-8A8D-A99C8ECC44E7}.Release|Any CPU.ActiveCfg = Release|Any CPU
		{0CBA1433-1D1A-44DB-8A8D-A99C8ECC44E7}.Release|Any CPU.Build.0 = Release|Any CPU
	EndGlobalSection
	GlobalSection(SolutionProperties) = preSolution
		HideSolutionNode = FALSE
	EndGlobalSection
	GlobalSection(NestedProjects) = preSolution
		{2E6DB235-4A6B-41E6-B6ED-6D06F6B4839E} = {F6D937AB-0EEB-4FF3-9229-BC7784EB6296}
		{3FCD39C2-9024-48BD-9153-22771E286C9F} = {2E6DB235-4A6B-41E6-B6ED-6D06F6B4839E}
		{91E05877-1B95-436D-AAD4-EA45F685ABE5} = {2E6DB235-4A6B-41E6-B6ED-6D06F6B4839E}
		{1ABD89D0-A21E-49DD-97B9-9A54CE3C2083} = {2E6DB235-4A6B-41E6-B6ED-6D06F6B4839E}
		{E780B6E2-5183-43E1-8D9A-66A515C2BCBE} = {2E6DB235-4A6B-41E6-B6ED-6D06F6B4839E}
		{14960A2E-7467-4E2C-91CE-27D0E5ECB140} = {2E6DB235-4A6B-41E6-B6ED-6D06F6B4839E}
		{693953CD-2858-4400-A996-7CD69D334184} = {2E6DB235-4A6B-41E6-B6ED-6D06F6B4839E}
		{ECE4B08B-3541-460F-B332-901600297FC3} = {2E6DB235-4A6B-41E6-B6ED-6D06F6B4839E}
		{84CE3316-B867-45E2-BE94-7F9891CB63C8} = {F6D937AB-0EEB-4FF3-9229-BC7784EB6296}
		{2A2F0065-CD25-4C5E-9121-D17DEAAA3DD7} = {84CE3316-B867-45E2-BE94-7F9891CB63C8}
		{FA3E65CE-A9B2-4D5E-A15C-CA30F5555BD2} = {84CE3316-B867-45E2-BE94-7F9891CB63C8}
		{7E965DDF-6FA9-4055-8B22-AF4E43292045} = {84CE3316-B867-45E2-BE94-7F9891CB63C8}
		{3ABE0950-C550-4737-A7B8-37846DB523E1} = {84CE3316-B867-45E2-BE94-7F9891CB63C8}
		{E50FB982-5D5E-4F5B-BAF0-3692EFB7CED0} = {84CE3316-B867-45E2-BE94-7F9891CB63C8}
		{C121741C-D534-48EB-8742-F11B3D2CD2A2} = {84CE3316-B867-45E2-BE94-7F9891CB63C8}
		{018A2BB8-8770-499F-912A-6FE68BB9C6D1} = {84CE3316-B867-45E2-BE94-7F9891CB63C8}
		{B27935C1-237C-4895-879D-76CCC955E9B3} = {F6D937AB-0EEB-4FF3-9229-BC7784EB6296}
		{CF7B2A9A-CB6F-4DD7-9BDA-869B180B27D3} = {B27935C1-237C-4895-879D-76CCC955E9B3}
		{34EBE6A9-D9B6-45C3-828E-A2A51D8E2467} = {B27935C1-237C-4895-879D-76CCC955E9B3}
		{A770D7DF-6AB1-4001-BF03-9EFC4FD7C72F} = {B27935C1-237C-4895-879D-76CCC955E9B3}
		{B6484FCD-7A86-46CF-90F4-0C3D0A5066C5} = {B27935C1-237C-4895-879D-76CCC955E9B3}
		{246772E3-D712-4263-A23E-1D66A20986CA} = {B27935C1-237C-4895-879D-76CCC955E9B3}
		{A37AEF00-49AB-46C0-8CCF-C4F1CAF9062D} = {B27935C1-237C-4895-879D-76CCC955E9B3}
		{C69408A7-C56F-4796-8CF9-E897D09DBBFE} = {B27935C1-237C-4895-879D-76CCC955E9B3}
		{39064B45-CF7D-4EF8-B2CF-E3308CD372E7} = {F6D937AB-0EEB-4FF3-9229-BC7784EB6296}
		{9D5C967B-E76C-4703-805A-FEEF5250C506} = {39064B45-CF7D-4EF8-B2CF-E3308CD372E7}
		{94A13036-0EC1-44FD-A3E9-EF09FE711F2B} = {39064B45-CF7D-4EF8-B2CF-E3308CD372E7}
		{4686194B-C607-4CD7-A7D5-463672CD699A} = {39064B45-CF7D-4EF8-B2CF-E3308CD372E7}
		{80EE0311-A614-4D36-A6E8-3815228A6035} = {39064B45-CF7D-4EF8-B2CF-E3308CD372E7}
		{E68A497B-8F7B-43F2-AF52-4BD6E19D58DE} = {39064B45-CF7D-4EF8-B2CF-E3308CD372E7}
		{7D44A70A-E5A5-46A0-85A9-95E1B2F0FB3D} = {39064B45-CF7D-4EF8-B2CF-E3308CD372E7}
		{D638D63D-ECCB-4A9A-8194-F786ED583DF8} = {39064B45-CF7D-4EF8-B2CF-E3308CD372E7}
		{ECC27770-5F9B-4507-9EF7-76C455C88BD4} = {F6D937AB-0EEB-4FF3-9229-BC7784EB6296}
		{99AB8B12-6C12-404F-BF40-17A10011C92A} = {ECC27770-5F9B-4507-9EF7-76C455C88BD4}
		{E103B9FE-A716-4C48-9747-361C4FE5BD48} = {ECC27770-5F9B-4507-9EF7-76C455C88BD4}
		{B227B221-9A0B-417F-BA18-9447BA23EF30} = {ECC27770-5F9B-4507-9EF7-76C455C88BD4}
		{0CBA1433-1D1A-44DB-8A8D-A99C8ECC44E7} = {ECC27770-5F9B-4507-9EF7-76C455C88BD4}
	EndGlobalSection
EndGlobal
