
Microsoft Visual Studio Solution File, Format Version 12.00
# Visual Studio Version 17
VisualStudioVersion = 17.5.002.0
MinimumVisualStudioVersion = 10.0.40219.1
Project("{2150E333-8FDC-42A3-9474-1A3956D46DE8}") = "AuthenticationMs", "AuthenticationMs", "{841894EB-9E4D-43A3-BECC-0A177409D0A9}"
EndProject
Project("{9A19103F-16F7-4668-BE54-9A1E7A4F7556}") = "AuthenticationMs", "AuthenticationMs\AuthenticationMs\AuthenticationMs.csproj", "{A40A1C17-A1C6-41C1-8FD0-2CF1B5339F3D}"
EndProject
Project("{2150E333-8FDC-42A3-9474-1A3956D46DE8}") = "JobMs", "JobMs", "{4BF0F623-C881-4FE8-A1FB-0105060595D9}"
EndProject
Project("{9A19103F-16F7-4668-BE54-9A1E7A4F7556}") = "JobMs", "JobMs\JobMs\JobMs.csproj", "{3600F257-F561-4C05-B373-3539977FFADA}"
EndProject
Project("{9A19103F-16F7-4668-BE54-9A1E7A4F7556}") = "JobMs.Application", "JobMs\JobMs.Application\JobMs.Application.csproj", "{5DF1FE22-4CC8-4F0F-80C0-E095AA267E6E}"
EndProject
Project("{9A19103F-16F7-4668-BE54-9A1E7A4F7556}") = "JobMs.Common", "JobMs\JobMs.Common\JobMs.Common.csproj", "{5F261D89-07C8-46B2-BA45-8973A34E052F}"
EndProject
Project("{9A19103F-16F7-4668-BE54-9A1E7A4F7556}") = "JobMs.Core", "JobMs\JobMs.Core\JobMs.Core.csproj", "{C175CCC2-F5E5-40EF-A70E-057AA5004045}"
EndProject
Project("{9A19103F-16F7-4668-BE54-9A1E7A4F7556}") = "JobMs.Domain", "JobMs\JobMs.Domain\JobMs.Domain.csproj", "{DC979392-F34A-41D7-849B-008487184560}"
EndProject
Project("{9A19103F-16F7-4668-BE54-9A1E7A4F7556}") = "JobMs.Infrastructure", "JobMs\JobMs.Infrastructure\JobMs.Infrastructure.csproj", "{6B5BDFD5-F341-43FA-B783-99E391DF1A13}"
EndProject
Project("{9A19103F-16F7-4668-BE54-9A1E7A4F7556}") = "JobMs.Test", "JobMs\JobMs.Test\JobMs.Test.csproj", "{0BBEC0B9-CFD2-4798-A742-740358FE7EBB}"
EndProject
Project("{2150E333-8FDC-42A3-9474-1A3956D46DE8}") = "OrderMs", "OrderMs", "{637E2001-F02B-4482-AC13-1678C3E9C07B}"
EndProject
Project("{9A19103F-16F7-4668-BE54-9A1E7A4F7556}") = "OrderMs", "OrderMs\OrderMs\OrderMs.csproj", "{5B6D5A63-F73C-4235-8DE2-F6C64DAE7340}"
EndProject
Project("{9A19103F-16F7-4668-BE54-9A1E7A4F7556}") = "OrderMs.Application", "OrderMs\OrderMs.Application\OrderMs.Application.csproj", "{4E7ABD8F-166B-4D77-8C4E-218452FD96E6}"
EndProject
Project("{9A19103F-16F7-4668-BE54-9A1E7A4F7556}") = "OrderMs.Common", "OrderMs\OrderMs.Common\OrderMs.Common.csproj", "{045574D4-A1F2-43C3-9240-01EB4D2FE777}"
EndProject
Project("{9A19103F-16F7-4668-BE54-9A1E7A4F7556}") = "OrderMs.Core", "OrderMs\OrderMs.Core\OrderMs.Core.csproj", "{A2A72ECD-01C5-48A5-93A0-21B294A5522F}"
EndProject
Project("{9A19103F-16F7-4668-BE54-9A1E7A4F7556}") = "OrderMs.Domain", "OrderMs\OrderMs.Domain\OrderMs.Domain.csproj", "{5339FDBB-F267-44D5-8833-B29C955D4AA0}"
EndProject
Project("{9A19103F-16F7-4668-BE54-9A1E7A4F7556}") = "OrderMs.Infrastructure", "OrderMs\OrderMs.Infrastructure\OrderMs.Infrastructure.csproj", "{390C220A-5FD9-4269-BA27-7940B4B71955}"
EndProject
Project("{9A19103F-16F7-4668-BE54-9A1E7A4F7556}") = "OrderMs.Test", "OrderMs\OrderMs.Test\OrderMs.Test.csproj", "{DD575215-E1AF-479A-AA88-C1A576C94907}"
EndProject
Project("{2150E333-8FDC-42A3-9474-1A3956D46DE8}") = "ProviderMs", "ProviderMs", "{A95E216F-0660-49F7-843D-C148660F8DD5}"
EndProject
Project("{9A19103F-16F7-4668-BE54-9A1E7A4F7556}") = "ProviderMs", "ProviderMs\ProviderMs\ProviderMs.csproj", "{7902CB8E-FB96-4814-9ABB-596CD72A2B0E}"
EndProject
Project("{9A19103F-16F7-4668-BE54-9A1E7A4F7556}") = "ProviderMs.Application", "ProviderMs\ProviderMs.Application\ProviderMs.Application.csproj", "{F17D2023-6EC6-46D0-BA9A-94D239ABB71C}"
EndProject
Project("{9A19103F-16F7-4668-BE54-9A1E7A4F7556}") = "ProviderMs.Common", "ProviderMs\ProviderMs.Common\ProviderMs.Common.csproj", "{B94F9A49-0FB3-4C8B-A818-F328CC63E25C}"
EndProject
Project("{9A19103F-16F7-4668-BE54-9A1E7A4F7556}") = "ProviderMs.Core", "ProviderMs\ProviderMs.Core\ProviderMs.Core.csproj", "{93252618-29A3-4B05-938B-95FE65C313E4}"
EndProject
Project("{9A19103F-16F7-4668-BE54-9A1E7A4F7556}") = "ProviderMs.Domain", "ProviderMs\ProviderMs.Domain\ProviderMs.Domain.csproj", "{227065EF-7193-4758-A22F-43B088A4DC6C}"
EndProject
Project("{9A19103F-16F7-4668-BE54-9A1E7A4F7556}") = "ProviderMs.Infrastructure", "ProviderMs\ProviderMs.Infrastructure\ProviderMs.Infrastructure.csproj", "{A610B8A6-8336-479C-A097-1FB7EF6051A4}"
EndProject
Project("{9A19103F-16F7-4668-BE54-9A1E7A4F7556}") = "ProviderMs.Test", "ProviderMs\ProviderMs.Test\ProviderMs.Test.csproj", "{C54D9423-0280-4C82-8E52-D3F9A623843C}"
EndProject
Project("{2150E333-8FDC-42A3-9474-1A3956D46DE8}") = "UserMs", "UserMs", "{7CF9CE23-9319-4187-B067-8BFA0EB42943}"
EndProject
Project("{9A19103F-16F7-4668-BE54-9A1E7A4F7556}") = "UserMs", "UserMs\UserMs\UserMs.csproj", "{65B2906F-5CEC-4EDE-8D7C-C6DD126CE8CE}"
EndProject
Project("{9A19103F-16F7-4668-BE54-9A1E7A4F7556}") = "UserMs.Application", "UserMs\UserMs.Application\UserMs.Application.csproj", "{11E01A68-2135-46C8-A97A-7615C8B600A6}"
EndProject
Project("{9A19103F-16F7-4668-BE54-9A1E7A4F7556}") = "UserMs.Common", "UserMs\UserMs.Common\UserMs.Common.csproj", "{91F86252-D687-42B5-B853-01CAB6FBD2CA}"
EndProject
Project("{9A19103F-16F7-4668-BE54-9A1E7A4F7556}") = "UserMs.Core", "UserMs\UserMs.Core\UserMs.Core.csproj", "{DBEB8800-124E-4B9B-A4F2-A38CF5952149}"
EndProject
Project("{9A19103F-16F7-4668-BE54-9A1E7A4F7556}") = "UserMs.Domain", "UserMs\UserMs.Domain\UserMs.Domain.csproj", "{530A16CA-8AA7-412A-8B8D-5D07BB5D8C8D}"
EndProject
Project("{9A19103F-16F7-4668-BE54-9A1E7A4F7556}") = "UserMs.Infrastructure", "UserMs\UserMs.Infrastructure\UserMs.Infrastructure.csproj", "{4061BE1A-E415-4187-A282-9771CAFEC746}"
EndProject
Project("{9A19103F-16F7-4668-BE54-9A1E7A4F7556}") = "UserMs.Test", "UserMs\UserMs.Test\UserMs.Test.csproj", "{45DAC0B7-8567-49C6-9A6E-BE59AA0895AB}"
EndProject
Global
	GlobalSection(SolutionConfigurationPlatforms) = preSolution
		Debug|Any CPU = Debug|Any CPU
		Release|Any CPU = Release|Any CPU
	EndGlobalSection
	GlobalSection(ProjectConfigurationPlatforms) = postSolution
		{A40A1C17-A1C6-41C1-8FD0-2CF1B5339F3D}.Debug|Any CPU.ActiveCfg = Debug|Any CPU
		{A40A1C17-A1C6-41C1-8FD0-2CF1B5339F3D}.Debug|Any CPU.Build.0 = Debug|Any CPU
		{A40A1C17-A1C6-41C1-8FD0-2CF1B5339F3D}.Release|Any CPU.ActiveCfg = Release|Any CPU
		{A40A1C17-A1C6-41C1-8FD0-2CF1B5339F3D}.Release|Any CPU.Build.0 = Release|Any CPU
		{3600F257-F561-4C05-B373-3539977FFADA}.Debug|Any CPU.ActiveCfg = Debug|Any CPU
		{3600F257-F561-4C05-B373-3539977FFADA}.Debug|Any CPU.Build.0 = Debug|Any CPU
		{3600F257-F561-4C05-B373-3539977FFADA}.Release|Any CPU.ActiveCfg = Release|Any CPU
		{3600F257-F561-4C05-B373-3539977FFADA}.Release|Any CPU.Build.0 = Release|Any CPU
		{5DF1FE22-4CC8-4F0F-80C0-E095AA267E6E}.Debug|Any CPU.ActiveCfg = Debug|Any CPU
		{5DF1FE22-4CC8-4F0F-80C0-E095AA267E6E}.Debug|Any CPU.Build.0 = Debug|Any CPU
		{5DF1FE22-4CC8-4F0F-80C0-E095AA267E6E}.Release|Any CPU.ActiveCfg = Release|Any CPU
		{5DF1FE22-4CC8-4F0F-80C0-E095AA267E6E}.Release|Any CPU.Build.0 = Release|Any CPU
		{5F261D89-07C8-46B2-BA45-8973A34E052F}.Debug|Any CPU.ActiveCfg = Debug|Any CPU
		{5F261D89-07C8-46B2-BA45-8973A34E052F}.Debug|Any CPU.Build.0 = Debug|Any CPU
		{5F261D89-07C8-46B2-BA45-8973A34E052F}.Release|Any CPU.ActiveCfg = Release|Any CPU
		{5F261D89-07C8-46B2-BA45-8973A34E052F}.Release|Any CPU.Build.0 = Release|Any CPU
		{C175CCC2-F5E5-40EF-A70E-057AA5004045}.Debug|Any CPU.ActiveCfg = Debug|Any CPU
		{C175CCC2-F5E5-40EF-A70E-057AA5004045}.Debug|Any CPU.Build.0 = Debug|Any CPU
		{C175CCC2-F5E5-40EF-A70E-057AA5004045}.Release|Any CPU.ActiveCfg = Release|Any CPU
		{C175CCC2-F5E5-40EF-A70E-057AA5004045}.Release|Any CPU.Build.0 = Release|Any CPU
		{DC979392-F34A-41D7-849B-008487184560}.Debug|Any CPU.ActiveCfg = Debug|Any CPU
		{DC979392-F34A-41D7-849B-008487184560}.Debug|Any CPU.Build.0 = Debug|Any CPU
		{DC979392-F34A-41D7-849B-008487184560}.Release|Any CPU.ActiveCfg = Release|Any CPU
		{DC979392-F34A-41D7-849B-008487184560}.Release|Any CPU.Build.0 = Release|Any CPU
		{6B5BDFD5-F341-43FA-B783-99E391DF1A13}.Debug|Any CPU.ActiveCfg = Debug|Any CPU
		{6B5BDFD5-F341-43FA-B783-99E391DF1A13}.Debug|Any CPU.Build.0 = Debug|Any CPU
		{6B5BDFD5-F341-43FA-B783-99E391DF1A13}.Release|Any CPU.ActiveCfg = Release|Any CPU
		{6B5BDFD5-F341-43FA-B783-99E391DF1A13}.Release|Any CPU.Build.0 = Release|Any CPU
		{0BBEC0B9-CFD2-4798-A742-740358FE7EBB}.Debug|Any CPU.ActiveCfg = Debug|Any CPU
		{0BBEC0B9-CFD2-4798-A742-740358FE7EBB}.Debug|Any CPU.Build.0 = Debug|Any CPU
		{0BBEC0B9-CFD2-4798-A742-740358FE7EBB}.Release|Any CPU.ActiveCfg = Release|Any CPU
		{0BBEC0B9-CFD2-4798-A742-740358FE7EBB}.Release|Any CPU.Build.0 = Release|Any CPU
		{5B6D5A63-F73C-4235-8DE2-F6C64DAE7340}.Debug|Any CPU.ActiveCfg = Debug|Any CPU
		{5B6D5A63-F73C-4235-8DE2-F6C64DAE7340}.Debug|Any CPU.Build.0 = Debug|Any CPU
		{5B6D5A63-F73C-4235-8DE2-F6C64DAE7340}.Release|Any CPU.ActiveCfg = Release|Any CPU
		{5B6D5A63-F73C-4235-8DE2-F6C64DAE7340}.Release|Any CPU.Build.0 = Release|Any CPU
		{4E7ABD8F-166B-4D77-8C4E-218452FD96E6}.Debug|Any CPU.ActiveCfg = Debug|Any CPU
		{4E7ABD8F-166B-4D77-8C4E-218452FD96E6}.Debug|Any CPU.Build.0 = Debug|Any CPU
		{4E7ABD8F-166B-4D77-8C4E-218452FD96E6}.Release|Any CPU.ActiveCfg = Release|Any CPU
		{4E7ABD8F-166B-4D77-8C4E-218452FD96E6}.Release|Any CPU.Build.0 = Release|Any CPU
		{045574D4-A1F2-43C3-9240-01EB4D2FE777}.Debug|Any CPU.ActiveCfg = Debug|Any CPU
		{045574D4-A1F2-43C3-9240-01EB4D2FE777}.Debug|Any CPU.Build.0 = Debug|Any CPU
		{045574D4-A1F2-43C3-9240-01EB4D2FE777}.Release|Any CPU.ActiveCfg = Release|Any CPU
		{045574D4-A1F2-43C3-9240-01EB4D2FE777}.Release|Any CPU.Build.0 = Release|Any CPU
		{A2A72ECD-01C5-48A5-93A0-21B294A5522F}.Debug|Any CPU.ActiveCfg = Debug|Any CPU
		{A2A72ECD-01C5-48A5-93A0-21B294A5522F}.Debug|Any CPU.Build.0 = Debug|Any CPU
		{A2A72ECD-01C5-48A5-93A0-21B294A5522F}.Release|Any CPU.ActiveCfg = Release|Any CPU
		{A2A72ECD-01C5-48A5-93A0-21B294A5522F}.Release|Any CPU.Build.0 = Release|Any CPU
		{5339FDBB-F267-44D5-8833-B29C955D4AA0}.Debug|Any CPU.ActiveCfg = Debug|Any CPU
		{5339FDBB-F267-44D5-8833-B29C955D4AA0}.Debug|Any CPU.Build.0 = Debug|Any CPU
		{5339FDBB-F267-44D5-8833-B29C955D4AA0}.Release|Any CPU.ActiveCfg = Release|Any CPU
		{5339FDBB-F267-44D5-8833-B29C955D4AA0}.Release|Any CPU.Build.0 = Release|Any CPU
		{390C220A-5FD9-4269-BA27-7940B4B71955}.Debug|Any CPU.ActiveCfg = Debug|Any CPU
		{390C220A-5FD9-4269-BA27-7940B4B71955}.Debug|Any CPU.Build.0 = Debug|Any CPU
		{390C220A-5FD9-4269-BA27-7940B4B71955}.Release|Any CPU.ActiveCfg = Release|Any CPU
		{390C220A-5FD9-4269-BA27-7940B4B71955}.Release|Any CPU.Build.0 = Release|Any CPU
		{DD575215-E1AF-479A-AA88-C1A576C94907}.Debug|Any CPU.ActiveCfg = Debug|Any CPU
		{DD575215-E1AF-479A-AA88-C1A576C94907}.Debug|Any CPU.Build.0 = Debug|Any CPU
		{DD575215-E1AF-479A-AA88-C1A576C94907}.Release|Any CPU.ActiveCfg = Release|Any CPU
		{DD575215-E1AF-479A-AA88-C1A576C94907}.Release|Any CPU.Build.0 = Release|Any CPU
		{7902CB8E-FB96-4814-9ABB-596CD72A2B0E}.Debug|Any CPU.ActiveCfg = Debug|Any CPU
		{7902CB8E-FB96-4814-9ABB-596CD72A2B0E}.Debug|Any CPU.Build.0 = Debug|Any CPU
		{7902CB8E-FB96-4814-9ABB-596CD72A2B0E}.Release|Any CPU.ActiveCfg = Release|Any CPU
		{7902CB8E-FB96-4814-9ABB-596CD72A2B0E}.Release|Any CPU.Build.0 = Release|Any CPU
		{F17D2023-6EC6-46D0-BA9A-94D239ABB71C}.Debug|Any CPU.ActiveCfg = Debug|Any CPU
		{F17D2023-6EC6-46D0-BA9A-94D239ABB71C}.Debug|Any CPU.Build.0 = Debug|Any CPU
		{F17D2023-6EC6-46D0-BA9A-94D239ABB71C}.Release|Any CPU.ActiveCfg = Release|Any CPU
		{F17D2023-6EC6-46D0-BA9A-94D239ABB71C}.Release|Any CPU.Build.0 = Release|Any CPU
		{B94F9A49-0FB3-4C8B-A818-F328CC63E25C}.Debug|Any CPU.ActiveCfg = Debug|Any CPU
		{B94F9A49-0FB3-4C8B-A818-F328CC63E25C}.Debug|Any CPU.Build.0 = Debug|Any CPU
		{B94F9A49-0FB3-4C8B-A818-F328CC63E25C}.Release|Any CPU.ActiveCfg = Release|Any CPU
		{B94F9A49-0FB3-4C8B-A818-F328CC63E25C}.Release|Any CPU.Build.0 = Release|Any CPU
		{93252618-29A3-4B05-938B-95FE65C313E4}.Debug|Any CPU.ActiveCfg = Debug|Any CPU
		{93252618-29A3-4B05-938B-95FE65C313E4}.Debug|Any CPU.Build.0 = Debug|Any CPU
		{93252618-29A3-4B05-938B-95FE65C313E4}.Release|Any CPU.ActiveCfg = Release|Any CPU
		{93252618-29A3-4B05-938B-95FE65C313E4}.Release|Any CPU.Build.0 = Release|Any CPU
		{227065EF-7193-4758-A22F-43B088A4DC6C}.Debug|Any CPU.ActiveCfg = Debug|Any CPU
		{227065EF-7193-4758-A22F-43B088A4DC6C}.Debug|Any CPU.Build.0 = Debug|Any CPU
		{227065EF-7193-4758-A22F-43B088A4DC6C}.Release|Any CPU.ActiveCfg = Release|Any CPU
		{227065EF-7193-4758-A22F-43B088A4DC6C}.Release|Any CPU.Build.0 = Release|Any CPU
		{A610B8A6-8336-479C-A097-1FB7EF6051A4}.Debug|Any CPU.ActiveCfg = Debug|Any CPU
		{A610B8A6-8336-479C-A097-1FB7EF6051A4}.Debug|Any CPU.Build.0 = Debug|Any CPU
		{A610B8A6-8336-479C-A097-1FB7EF6051A4}.Release|Any CPU.ActiveCfg = Release|Any CPU
		{A610B8A6-8336-479C-A097-1FB7EF6051A4}.Release|Any CPU.Build.0 = Release|Any CPU
		{C54D9423-0280-4C82-8E52-D3F9A623843C}.Debug|Any CPU.ActiveCfg = Debug|Any CPU
		{C54D9423-0280-4C82-8E52-D3F9A623843C}.Debug|Any CPU.Build.0 = Debug|Any CPU
		{C54D9423-0280-4C82-8E52-D3F9A623843C}.Release|Any CPU.ActiveCfg = Release|Any CPU
		{C54D9423-0280-4C82-8E52-D3F9A623843C}.Release|Any CPU.Build.0 = Release|Any CPU
		{65B2906F-5CEC-4EDE-8D7C-C6DD126CE8CE}.Debug|Any CPU.ActiveCfg = Debug|Any CPU
		{65B2906F-5CEC-4EDE-8D7C-C6DD126CE8CE}.Debug|Any CPU.Build.0 = Debug|Any CPU
		{65B2906F-5CEC-4EDE-8D7C-C6DD126CE8CE}.Release|Any CPU.ActiveCfg = Release|Any CPU
		{65B2906F-5CEC-4EDE-8D7C-C6DD126CE8CE}.Release|Any CPU.Build.0 = Release|Any CPU
		{11E01A68-2135-46C8-A97A-7615C8B600A6}.Debug|Any CPU.ActiveCfg = Debug|Any CPU
		{11E01A68-2135-46C8-A97A-7615C8B600A6}.Debug|Any CPU.Build.0 = Debug|Any CPU
		{11E01A68-2135-46C8-A97A-7615C8B600A6}.Release|Any CPU.ActiveCfg = Release|Any CPU
		{11E01A68-2135-46C8-A97A-7615C8B600A6}.Release|Any CPU.Build.0 = Release|Any CPU
		{91F86252-D687-42B5-B853-01CAB6FBD2CA}.Debug|Any CPU.ActiveCfg = Debug|Any CPU
		{91F86252-D687-42B5-B853-01CAB6FBD2CA}.Debug|Any CPU.Build.0 = Debug|Any CPU
		{91F86252-D687-42B5-B853-01CAB6FBD2CA}.Release|Any CPU.ActiveCfg = Release|Any CPU
		{91F86252-D687-42B5-B853-01CAB6FBD2CA}.Release|Any CPU.Build.0 = Release|Any CPU
		{DBEB8800-124E-4B9B-A4F2-A38CF5952149}.Debug|Any CPU.ActiveCfg = Debug|Any CPU
		{DBEB8800-124E-4B9B-A4F2-A38CF5952149}.Debug|Any CPU.Build.0 = Debug|Any CPU
		{DBEB8800-124E-4B9B-A4F2-A38CF5952149}.Release|Any CPU.ActiveCfg = Release|Any CPU
		{DBEB8800-124E-4B9B-A4F2-A38CF5952149}.Release|Any CPU.Build.0 = Release|Any CPU
		{530A16CA-8AA7-412A-8B8D-5D07BB5D8C8D}.Debug|Any CPU.ActiveCfg = Debug|Any CPU
		{530A16CA-8AA7-412A-8B8D-5D07BB5D8C8D}.Debug|Any CPU.Build.0 = Debug|Any CPU
		{530A16CA-8AA7-412A-8B8D-5D07BB5D8C8D}.Release|Any CPU.ActiveCfg = Release|Any CPU
		{530A16CA-8AA7-412A-8B8D-5D07BB5D8C8D}.Release|Any CPU.Build.0 = Release|Any CPU
		{4061BE1A-E415-4187-A282-9771CAFEC746}.Debug|Any CPU.ActiveCfg = Debug|Any CPU
		{4061BE1A-E415-4187-A282-9771CAFEC746}.Debug|Any CPU.Build.0 = Debug|Any CPU
		{4061BE1A-E415-4187-A282-9771CAFEC746}.Release|Any CPU.ActiveCfg = Release|Any CPU
		{4061BE1A-E415-4187-A282-9771CAFEC746}.Release|Any CPU.Build.0 = Release|Any CPU
		{45DAC0B7-8567-49C6-9A6E-BE59AA0895AB}.Debug|Any CPU.ActiveCfg = Debug|Any CPU
		{45DAC0B7-8567-49C6-9A6E-BE59AA0895AB}.Debug|Any CPU.Build.0 = Debug|Any CPU
		{45DAC0B7-8567-49C6-9A6E-BE59AA0895AB}.Release|Any CPU.ActiveCfg = Release|Any CPU
		{45DAC0B7-8567-49C6-9A6E-BE59AA0895AB}.Release|Any CPU.Build.0 = Release|Any CPU
	EndGlobalSection
	GlobalSection(SolutionProperties) = preSolution
		HideSolutionNode = FALSE
	EndGlobalSection
	GlobalSection(NestedProjects) = preSolution
		{A40A1C17-A1C6-41C1-8FD0-2CF1B5339F3D} = {841894EB-9E4D-43A3-BECC-0A177409D0A9}
		{3600F257-F561-4C05-B373-3539977FFADA} = {4BF0F623-C881-4FE8-A1FB-0105060595D9}
		{5DF1FE22-4CC8-4F0F-80C0-E095AA267E6E} = {4BF0F623-C881-4FE8-A1FB-0105060595D9}
		{5F261D89-07C8-46B2-BA45-8973A34E052F} = {4BF0F623-C881-4FE8-A1FB-0105060595D9}
		{C175CCC2-F5E5-40EF-A70E-057AA5004045} = {4BF0F623-C881-4FE8-A1FB-0105060595D9}
		{DC979392-F34A-41D7-849B-008487184560} = {4BF0F623-C881-4FE8-A1FB-0105060595D9}
		{6B5BDFD5-F341-43FA-B783-99E391DF1A13} = {4BF0F623-C881-4FE8-A1FB-0105060595D9}
		{0BBEC0B9-CFD2-4798-A742-740358FE7EBB} = {4BF0F623-C881-4FE8-A1FB-0105060595D9}
		{5B6D5A63-F73C-4235-8DE2-F6C64DAE7340} = {637E2001-F02B-4482-AC13-1678C3E9C07B}
		{4E7ABD8F-166B-4D77-8C4E-218452FD96E6} = {637E2001-F02B-4482-AC13-1678C3E9C07B}
		{045574D4-A1F2-43C3-9240-01EB4D2FE777} = {637E2001-F02B-4482-AC13-1678C3E9C07B}
		{A2A72ECD-01C5-48A5-93A0-21B294A5522F} = {637E2001-F02B-4482-AC13-1678C3E9C07B}
		{5339FDBB-F267-44D5-8833-B29C955D4AA0} = {637E2001-F02B-4482-AC13-1678C3E9C07B}
		{390C220A-5FD9-4269-BA27-7940B4B71955} = {637E2001-F02B-4482-AC13-1678C3E9C07B}
		{DD575215-E1AF-479A-AA88-C1A576C94907} = {637E2001-F02B-4482-AC13-1678C3E9C07B}
		{7902CB8E-FB96-4814-9ABB-596CD72A2B0E} = {A95E216F-0660-49F7-843D-C148660F8DD5}
		{F17D2023-6EC6-46D0-BA9A-94D239ABB71C} = {A95E216F-0660-49F7-843D-C148660F8DD5}
		{B94F9A49-0FB3-4C8B-A818-F328CC63E25C} = {A95E216F-0660-49F7-843D-C148660F8DD5}
		{93252618-29A3-4B05-938B-95FE65C313E4} = {A95E216F-0660-49F7-843D-C148660F8DD5}
		{227065EF-7193-4758-A22F-43B088A4DC6C} = {A95E216F-0660-49F7-843D-C148660F8DD5}
		{A610B8A6-8336-479C-A097-1FB7EF6051A4} = {A95E216F-0660-49F7-843D-C148660F8DD5}
		{C54D9423-0280-4C82-8E52-D3F9A623843C} = {A95E216F-0660-49F7-843D-C148660F8DD5}
		{65B2906F-5CEC-4EDE-8D7C-C6DD126CE8CE} = {7CF9CE23-9319-4187-B067-8BFA0EB42943}
		{11E01A68-2135-46C8-A97A-7615C8B600A6} = {7CF9CE23-9319-4187-B067-8BFA0EB42943}
		{91F86252-D687-42B5-B853-01CAB6FBD2CA} = {7CF9CE23-9319-4187-B067-8BFA0EB42943}
		{DBEB8800-124E-4B9B-A4F2-A38CF5952149} = {7CF9CE23-9319-4187-B067-8BFA0EB42943}
		{530A16CA-8AA7-412A-8B8D-5D07BB5D8C8D} = {7CF9CE23-9319-4187-B067-8BFA0EB42943}
		{4061BE1A-E415-4187-A282-9771CAFEC746} = {7CF9CE23-9319-4187-B067-8BFA0EB42943}
		{45DAC0B7-8567-49C6-9A6E-BE59AA0895AB} = {7CF9CE23-9319-4187-B067-8BFA0EB42943}
	EndGlobalSection
	GlobalSection(ExtensibilityGlobals) = postSolution
		SolutionGuid = {30FADB4E-F444-4C81-A52D-D1688F5FF549}
	EndGlobalSection
EndGlobal
